
Microsoft Visual Studio Solution File, Format Version 12.00
# Visual Studio Version 16
VisualStudioVersion = 16.0.29424.173
MinimumVisualStudioVersion = 10.0.40219.1
Project("{9A19103F-16F7-4668-BE54-9A1E7A4F7556}") = "Bot", "Bot\Bot.csproj", "{3DAE2861-90F9-4429-BF85-CCB947A3E599}"
EndProject
Project("{9A19103F-16F7-4668-BE54-9A1E7A4F7556}") = "Tests", "Tests\Tests.csproj", "{8F0D8247-99EE-4547-9E1A-73882910D50E}"
EndProject
Project("{9A19103F-16F7-4668-BE54-9A1E7A4F7556}") = "BotApplication", "BotApplication\BotApplication.csproj", "{FDC68AD3-2FF3-4E33-BD56-95FA816F0455}"
EndProject
Project("{9A19103F-16F7-4668-BE54-9A1E7A4F7556}") = "BotApp", "TelegramBotApplication\BotApp.csproj", "{BD2B5118-8204-4428-910F-1FAB80F53E57}"
EndProject
Project("{9A19103F-16F7-4668-BE54-9A1E7A4F7556}") = "Infrastructure", "Infrastructure\Infrastructure.csproj", "{44798683-8704-443B-B6A5-E6CE851F7E46}"
EndProject
Global
	GlobalSection(SolutionConfigurationPlatforms) = preSolution
		Debug|Any CPU = Debug|Any CPU
		Release|Any CPU = Release|Any CPU
	EndGlobalSection
	GlobalSection(ProjectConfigurationPlatforms) = postSolution
		{3DAE2861-90F9-4429-BF85-CCB947A3E599}.Debug|Any CPU.ActiveCfg = Debug|Any CPU
		{3DAE2861-90F9-4429-BF85-CCB947A3E599}.Debug|Any CPU.Build.0 = Debug|Any CPU
		{3DAE2861-90F9-4429-BF85-CCB947A3E599}.Release|Any CPU.ActiveCfg = Release|Any CPU
		{3DAE2861-90F9-4429-BF85-CCB947A3E599}.Release|Any CPU.Build.0 = Release|Any CPU
		{8F0D8247-99EE-4547-9E1A-73882910D50E}.Debug|Any CPU.ActiveCfg = Debug|Any CPU
		{8F0D8247-99EE-4547-9E1A-73882910D50E}.Debug|Any CPU.Build.0 = Debug|Any CPU
		{8F0D8247-99EE-4547-9E1A-73882910D50E}.Release|Any CPU.ActiveCfg = Release|Any CPU
		{8F0D8247-99EE-4547-9E1A-73882910D50E}.Release|Any CPU.Build.0 = Release|Any CPU
		{FDC68AD3-2FF3-4E33-BD56-95FA816F0455}.Debug|Any CPU.ActiveCfg = Debug|Any CPU
		{FDC68AD3-2FF3-4E33-BD56-95FA816F0455}.Debug|Any CPU.Build.0 = Debug|Any CPU
		{FDC68AD3-2FF3-4E33-BD56-95FA816F0455}.Release|Any CPU.ActiveCfg = Release|Any CPU
		{FDC68AD3-2FF3-4E33-BD56-95FA816F0455}.Release|Any CPU.Build.0 = Release|Any CPU
		{BD2B5118-8204-4428-910F-1FAB80F53E57}.Debug|Any CPU.ActiveCfg = Debug|Any CPU
		{BD2B5118-8204-4428-910F-1FAB80F53E57}.Debug|Any CPU.Build.0 = Debug|Any CPU
		{BD2B5118-8204-4428-910F-1FAB80F53E57}.Release|Any CPU.ActiveCfg = Release|Any CPU
		{BD2B5118-8204-4428-910F-1FAB80F53E57}.Release|Any CPU.Build.0 = Release|Any CPU
		{44798683-8704-443B-B6A5-E6CE851F7E46}.Debug|Any CPU.ActiveCfg = Debug|Any CPU
		{44798683-8704-443B-B6A5-E6CE851F7E46}.Debug|Any CPU.Build.0 = Debug|Any CPU
		{44798683-8704-443B-B6A5-E6CE851F7E46}.Release|Any CPU.ActiveCfg = Release|Any CPU
		{44798683-8704-443B-B6A5-E6CE851F7E46}.Release|Any CPU.Build.0 = Release|Any CPU
	EndGlobalSection
	GlobalSection(SolutionProperties) = preSolution
		HideSolutionNode = FALSE
	EndGlobalSection
	GlobalSection(ExtensibilityGlobals) = postSolution
		SolutionGuid = {B9C4517A-607A-40D2-80BB-C358508B46A9}
	EndGlobalSection
EndGlobal
